// !$*UTF8*$!
{
	archiveVersion = 1;
	classes = {
	};
	objectVersion = 50;
	objects = {

/* Begin PBXBuildFile section */
		33B967BE2445EDC90033A992 /* ScoreKeeper WatchKit App.app in Embed Watch Content */ = {isa = PBXBuildFile; fileRef = 33B967BD2445EDC90033A992 /* ScoreKeeper WatchKit App.app */; settings = {ATTRIBUTES = (RemoveHeadersOnCopy, ); }; };
		33B967C42445EDC90033A992 /* Interface.storyboard in Resources */ = {isa = PBXBuildFile; fileRef = 33B967C22445EDC90033A992 /* Interface.storyboard */; };
		33B967C62445EDCB0033A992 /* Assets.xcassets in Resources */ = {isa = PBXBuildFile; fileRef = 33B967C52445EDCB0033A992 /* Assets.xcassets */; };
		33B967CD2445EDCB0033A992 /* ScoreKeeper WatchKit Extension.appex in Embed App Extensions */ = {isa = PBXBuildFile; fileRef = 33B967CC2445EDCB0033A992 /* ScoreKeeper WatchKit Extension.appex */; settings = {ATTRIBUTES = (RemoveHeadersOnCopy, ); }; };
		33B967D22445EDCB0033A992 /* ContentView.swift in Sources */ = {isa = PBXBuildFile; fileRef = 33B967D12445EDCB0033A992 /* ContentView.swift */; };
		33B967D42445EDCB0033A992 /* HostingController.swift in Sources */ = {isa = PBXBuildFile; fileRef = 33B967D32445EDCB0033A992 /* HostingController.swift */; };
		33B967D62445EDCB0033A992 /* ExtensionDelegate.swift in Sources */ = {isa = PBXBuildFile; fileRef = 33B967D52445EDCB0033A992 /* ExtensionDelegate.swift */; };
		33B967D82445EDCB0033A992 /* NotificationController.swift in Sources */ = {isa = PBXBuildFile; fileRef = 33B967D72445EDCB0033A992 /* NotificationController.swift */; };
		33B967DA2445EDCB0033A992 /* NotificationView.swift in Sources */ = {isa = PBXBuildFile; fileRef = 33B967D92445EDCB0033A992 /* NotificationView.swift */; };
		33B967DC2445EDCC0033A992 /* Assets.xcassets in Resources */ = {isa = PBXBuildFile; fileRef = 33B967DB2445EDCC0033A992 /* Assets.xcassets */; };
		33B967DF2445EDCC0033A992 /* Preview Assets.xcassets in Resources */ = {isa = PBXBuildFile; fileRef = 33B967DE2445EDCC0033A992 /* Preview Assets.xcassets */; };
/* End PBXBuildFile section */

/* Begin PBXContainerItemProxy section */
		33B967BF2445EDC90033A992 /* PBXContainerItemProxy */ = {
			isa = PBXContainerItemProxy;
			containerPortal = 33B967B32445EDC90033A992 /* Project object */;
			proxyType = 1;
			remoteGlobalIDString = 33B967BC2445EDC90033A992;
			remoteInfo = "ScoreKeeper WatchKit App";
		};
		33B967CE2445EDCB0033A992 /* PBXContainerItemProxy */ = {
			isa = PBXContainerItemProxy;
			containerPortal = 33B967B32445EDC90033A992 /* Project object */;
			proxyType = 1;
			remoteGlobalIDString = 33B967CB2445EDCB0033A992;
			remoteInfo = "ScoreKeeper WatchKit Extension";
		};
/* End PBXContainerItemProxy section */

/* Begin PBXCopyFilesBuildPhase section */
		33B967E72445EDCC0033A992 /* Embed App Extensions */ = {
			isa = PBXCopyFilesBuildPhase;
			buildActionMask = 2147483647;
			dstPath = "";
			dstSubfolderSpec = 13;
			files = (
				33B967CD2445EDCB0033A992 /* ScoreKeeper WatchKit Extension.appex in Embed App Extensions */,
			);
			name = "Embed App Extensions";
			runOnlyForDeploymentPostprocessing = 0;
		};
		33B967EB2445EDCC0033A992 /* Embed Watch Content */ = {
			isa = PBXCopyFilesBuildPhase;
			buildActionMask = 2147483647;
			dstPath = "$(CONTENTS_FOLDER_PATH)/Watch";
			dstSubfolderSpec = 16;
			files = (
				33B967BE2445EDC90033A992 /* ScoreKeeper WatchKit App.app in Embed Watch Content */,
			);
			name = "Embed Watch Content";
			runOnlyForDeploymentPostprocessing = 0;
		};
/* End PBXCopyFilesBuildPhase section */

/* Begin PBXFileReference section */
		33B967B92445EDC90033A992 /* ScoreKeeper.app */ = {isa = PBXFileReference; explicitFileType = wrapper.application; includeInIndex = 0; path = ScoreKeeper.app; sourceTree = BUILT_PRODUCTS_DIR; };
		33B967BD2445EDC90033A992 /* ScoreKeeper WatchKit App.app */ = {isa = PBXFileReference; explicitFileType = wrapper.application; includeInIndex = 0; path = "ScoreKeeper WatchKit App.app"; sourceTree = BUILT_PRODUCTS_DIR; };
		33B967C32445EDC90033A992 /* Base */ = {isa = PBXFileReference; lastKnownFileType = file.storyboard; name = Base; path = Base.lproj/Interface.storyboard; sourceTree = "<group>"; };
		33B967C52445EDCB0033A992 /* Assets.xcassets */ = {isa = PBXFileReference; lastKnownFileType = folder.assetcatalog; path = Assets.xcassets; sourceTree = "<group>"; };
		33B967C72445EDCB0033A992 /* Info.plist */ = {isa = PBXFileReference; lastKnownFileType = text.plist.xml; path = Info.plist; sourceTree = "<group>"; };
		33B967CC2445EDCB0033A992 /* ScoreKeeper WatchKit Extension.appex */ = {isa = PBXFileReference; explicitFileType = "wrapper.app-extension"; includeInIndex = 0; path = "ScoreKeeper WatchKit Extension.appex"; sourceTree = BUILT_PRODUCTS_DIR; };
		33B967D12445EDCB0033A992 /* ContentView.swift */ = {isa = PBXFileReference; lastKnownFileType = sourcecode.swift; path = ContentView.swift; sourceTree = "<group>"; };
		33B967D32445EDCB0033A992 /* HostingController.swift */ = {isa = PBXFileReference; lastKnownFileType = sourcecode.swift; path = HostingController.swift; sourceTree = "<group>"; };
		33B967D52445EDCB0033A992 /* ExtensionDelegate.swift */ = {isa = PBXFileReference; lastKnownFileType = sourcecode.swift; path = ExtensionDelegate.swift; sourceTree = "<group>"; };
		33B967D72445EDCB0033A992 /* NotificationController.swift */ = {isa = PBXFileReference; lastKnownFileType = sourcecode.swift; path = NotificationController.swift; sourceTree = "<group>"; };
		33B967D92445EDCB0033A992 /* NotificationView.swift */ = {isa = PBXFileReference; lastKnownFileType = sourcecode.swift; path = NotificationView.swift; sourceTree = "<group>"; };
		33B967DB2445EDCC0033A992 /* Assets.xcassets */ = {isa = PBXFileReference; lastKnownFileType = folder.assetcatalog; path = Assets.xcassets; sourceTree = "<group>"; };
		33B967DE2445EDCC0033A992 /* Preview Assets.xcassets */ = {isa = PBXFileReference; lastKnownFileType = folder.assetcatalog; path = "Preview Assets.xcassets"; sourceTree = "<group>"; };
		33B967E02445EDCC0033A992 /* Info.plist */ = {isa = PBXFileReference; lastKnownFileType = text.plist.xml; path = Info.plist; sourceTree = "<group>"; };
		33B967E12445EDCC0033A992 /* PushNotificationPayload.apns */ = {isa = PBXFileReference; lastKnownFileType = text; path = PushNotificationPayload.apns; sourceTree = "<group>"; };
/* End PBXFileReference section */

/* Begin PBXFrameworksBuildPhase section */
		33B967C92445EDCB0033A992 /* Frameworks */ = {
			isa = PBXFrameworksBuildPhase;
			buildActionMask = 2147483647;
			files = (
			);
			runOnlyForDeploymentPostprocessing = 0;
		};
/* End PBXFrameworksBuildPhase section */

/* Begin PBXGroup section */
		33B967B22445EDC90033A992 = {
			isa = PBXGroup;
			children = (
				33B967C12445EDC90033A992 /* ScoreKeeper WatchKit App */,
				33B967D02445EDCB0033A992 /* ScoreKeeper WatchKit Extension */,
				33B967BA2445EDC90033A992 /* Products */,
			);
			sourceTree = "<group>";
		};
		33B967BA2445EDC90033A992 /* Products */ = {
			isa = PBXGroup;
			children = (
				33B967B92445EDC90033A992 /* ScoreKeeper.app */,
				33B967BD2445EDC90033A992 /* ScoreKeeper WatchKit App.app */,
				33B967CC2445EDCB0033A992 /* ScoreKeeper WatchKit Extension.appex */,
			);
			name = Products;
			sourceTree = "<group>";
		};
		33B967C12445EDC90033A992 /* ScoreKeeper WatchKit App */ = {
			isa = PBXGroup;
			children = (
				33B967C22445EDC90033A992 /* Interface.storyboard */,
				33B967C52445EDCB0033A992 /* Assets.xcassets */,
				33B967C72445EDCB0033A992 /* Info.plist */,
			);
			path = "ScoreKeeper WatchKit App";
			sourceTree = "<group>";
		};
		33B967D02445EDCB0033A992 /* ScoreKeeper WatchKit Extension */ = {
			isa = PBXGroup;
			children = (
				33B967D12445EDCB0033A992 /* ContentView.swift */,
				33B967D32445EDCB0033A992 /* HostingController.swift */,
				33B967D52445EDCB0033A992 /* ExtensionDelegate.swift */,
				33B967D72445EDCB0033A992 /* NotificationController.swift */,
				33B967D92445EDCB0033A992 /* NotificationView.swift */,
				33B967DB2445EDCC0033A992 /* Assets.xcassets */,
				33B967E02445EDCC0033A992 /* Info.plist */,
				33B967E12445EDCC0033A992 /* PushNotificationPayload.apns */,
				33B967DD2445EDCC0033A992 /* Preview Content */,
			);
			path = "ScoreKeeper WatchKit Extension";
			sourceTree = "<group>";
		};
		33B967DD2445EDCC0033A992 /* Preview Content */ = {
			isa = PBXGroup;
			children = (
				33B967DE2445EDCC0033A992 /* Preview Assets.xcassets */,
			);
			path = "Preview Content";
			sourceTree = "<group>";
		};
/* End PBXGroup section */

/* Begin PBXNativeTarget section */
		33B967B82445EDC90033A992 /* ScoreKeeper */ = {
			isa = PBXNativeTarget;
			buildConfigurationList = 33B967EC2445EDCC0033A992 /* Build configuration list for PBXNativeTarget "ScoreKeeper" */;
			buildPhases = (
				33B967B72445EDC90033A992 /* Resources */,
				33B967EB2445EDCC0033A992 /* Embed Watch Content */,
			);
			buildRules = (
			);
			dependencies = (
				33B967C02445EDC90033A992 /* PBXTargetDependency */,
			);
			name = ScoreKeeper;
			productName = ScoreKeeper;
			productReference = 33B967B92445EDC90033A992 /* ScoreKeeper.app */;
			productType = "com.apple.product-type.application.watchapp2-container";
		};
		33B967BC2445EDC90033A992 /* ScoreKeeper WatchKit App */ = {
			isa = PBXNativeTarget;
			buildConfigurationList = 33B967E82445EDCC0033A992 /* Build configuration list for PBXNativeTarget "ScoreKeeper WatchKit App" */;
			buildPhases = (
				33B967BB2445EDC90033A992 /* Resources */,
				33B967E72445EDCC0033A992 /* Embed App Extensions */,
			);
			buildRules = (
			);
			dependencies = (
				33B967CF2445EDCB0033A992 /* PBXTargetDependency */,
			);
			name = "ScoreKeeper WatchKit App";
			productName = "ScoreKeeper WatchKit App";
			productReference = 33B967BD2445EDC90033A992 /* ScoreKeeper WatchKit App.app */;
			productType = "com.apple.product-type.application.watchapp2";
		};
		33B967CB2445EDCB0033A992 /* ScoreKeeper WatchKit Extension */ = {
			isa = PBXNativeTarget;
			buildConfigurationList = 33B967E42445EDCC0033A992 /* Build configuration list for PBXNativeTarget "ScoreKeeper WatchKit Extension" */;
			buildPhases = (
				33B967C82445EDCB0033A992 /* Sources */,
				33B967C92445EDCB0033A992 /* Frameworks */,
				33B967CA2445EDCB0033A992 /* Resources */,
			);
			buildRules = (
			);
			dependencies = (
			);
			name = "ScoreKeeper WatchKit Extension";
			productName = "ScoreKeeper WatchKit Extension";
			productReference = 33B967CC2445EDCB0033A992 /* ScoreKeeper WatchKit Extension.appex */;
			productType = "com.apple.product-type.watchkit2-extension";
		};
/* End PBXNativeTarget section */

/* Begin PBXProject section */
		33B967B32445EDC90033A992 /* Project object */ = {
			isa = PBXProject;
			attributes = {
				LastSwiftUpdateCheck = 1140;
				LastUpgradeCheck = 1140;
				ORGANIZATIONNAME = "Lars Kristian Haga";
				TargetAttributes = {
					33B967B82445EDC90033A992 = {
						CreatedOnToolsVersion = 11.4;
					};
					33B967BC2445EDC90033A992 = {
						CreatedOnToolsVersion = 11.4;
					};
					33B967CB2445EDCB0033A992 = {
						CreatedOnToolsVersion = 11.4;
					};
				};
			};
			buildConfigurationList = 33B967B62445EDC90033A992 /* Build configuration list for PBXProject "ScoreKeeper" */;
			compatibilityVersion = "Xcode 9.3";
			developmentRegion = en;
			hasScannedForEncodings = 0;
			knownRegions = (
				en,
				Base,
			);
			mainGroup = 33B967B22445EDC90033A992;
			productRefGroup = 33B967BA2445EDC90033A992 /* Products */;
			projectDirPath = "";
			projectRoot = "";
			targets = (
				33B967B82445EDC90033A992 /* ScoreKeeper */,
				33B967BC2445EDC90033A992 /* ScoreKeeper WatchKit App */,
				33B967CB2445EDCB0033A992 /* ScoreKeeper WatchKit Extension */,
			);
		};
/* End PBXProject section */

/* Begin PBXResourcesBuildPhase section */
		33B967B72445EDC90033A992 /* Resources */ = {
			isa = PBXResourcesBuildPhase;
			buildActionMask = 2147483647;
			files = (
			);
			runOnlyForDeploymentPostprocessing = 0;
		};
		33B967BB2445EDC90033A992 /* Resources */ = {
			isa = PBXResourcesBuildPhase;
			buildActionMask = 2147483647;
			files = (
				33B967C62445EDCB0033A992 /* Assets.xcassets in Resources */,
				33B967C42445EDC90033A992 /* Interface.storyboard in Resources */,
			);
			runOnlyForDeploymentPostprocessing = 0;
		};
		33B967CA2445EDCB0033A992 /* Resources */ = {
			isa = PBXResourcesBuildPhase;
			buildActionMask = 2147483647;
			files = (
				33B967DF2445EDCC0033A992 /* Preview Assets.xcassets in Resources */,
				33B967DC2445EDCC0033A992 /* Assets.xcassets in Resources */,
			);
			runOnlyForDeploymentPostprocessing = 0;
		};
/* End PBXResourcesBuildPhase section */

/* Begin PBXSourcesBuildPhase section */
		33B967C82445EDCB0033A992 /* Sources */ = {
			isa = PBXSourcesBuildPhase;
			buildActionMask = 2147483647;
			files = (
				33B967D42445EDCB0033A992 /* HostingController.swift in Sources */,
				33B967D22445EDCB0033A992 /* ContentView.swift in Sources */,
				33B967D82445EDCB0033A992 /* NotificationController.swift in Sources */,
				33B967D62445EDCB0033A992 /* ExtensionDelegate.swift in Sources */,
				33B967DA2445EDCB0033A992 /* NotificationView.swift in Sources */,
			);
			runOnlyForDeploymentPostprocessing = 0;
		};
/* End PBXSourcesBuildPhase section */

/* Begin PBXTargetDependency section */
		33B967C02445EDC90033A992 /* PBXTargetDependency */ = {
			isa = PBXTargetDependency;
			target = 33B967BC2445EDC90033A992 /* ScoreKeeper WatchKit App */;
			targetProxy = 33B967BF2445EDC90033A992 /* PBXContainerItemProxy */;
		};
		33B967CF2445EDCB0033A992 /* PBXTargetDependency */ = {
			isa = PBXTargetDependency;
			target = 33B967CB2445EDCB0033A992 /* ScoreKeeper WatchKit Extension */;
			targetProxy = 33B967CE2445EDCB0033A992 /* PBXContainerItemProxy */;
		};
/* End PBXTargetDependency section */

/* Begin PBXVariantGroup section */
		33B967C22445EDC90033A992 /* Interface.storyboard */ = {
			isa = PBXVariantGroup;
			children = (
				33B967C32445EDC90033A992 /* Base */,
			);
			name = Interface.storyboard;
			sourceTree = "<group>";
		};
/* End PBXVariantGroup section */

/* Begin XCBuildConfiguration section */
		33B967E22445EDCC0033A992 /* Debug */ = {
			isa = XCBuildConfiguration;
			buildSettings = {
				ALWAYS_SEARCH_USER_PATHS = NO;
				CLANG_ANALYZER_NONNULL = YES;
				CLANG_ANALYZER_NUMBER_OBJECT_CONVERSION = YES_AGGRESSIVE;
				CLANG_CXX_LANGUAGE_STANDARD = "gnu++14";
				CLANG_CXX_LIBRARY = "libc++";
				CLANG_ENABLE_MODULES = YES;
				CLANG_ENABLE_OBJC_ARC = YES;
				CLANG_ENABLE_OBJC_WEAK = YES;
				CLANG_WARN_BLOCK_CAPTURE_AUTORELEASING = YES;
				CLANG_WARN_BOOL_CONVERSION = YES;
				CLANG_WARN_COMMA = YES;
				CLANG_WARN_CONSTANT_CONVERSION = YES;
				CLANG_WARN_DEPRECATED_OBJC_IMPLEMENTATIONS = YES;
				CLANG_WARN_DIRECT_OBJC_ISA_USAGE = YES_ERROR;
				CLANG_WARN_DOCUMENTATION_COMMENTS = YES;
				CLANG_WARN_EMPTY_BODY = YES;
				CLANG_WARN_ENUM_CONVERSION = YES;
				CLANG_WARN_INFINITE_RECURSION = YES;
				CLANG_WARN_INT_CONVERSION = YES;
				CLANG_WARN_NON_LITERAL_NULL_CONVERSION = YES;
				CLANG_WARN_OBJC_IMPLICIT_RETAIN_SELF = YES;
				CLANG_WARN_OBJC_LITERAL_CONVERSION = YES;
				CLANG_WARN_OBJC_ROOT_CLASS = YES_ERROR;
				CLANG_WARN_RANGE_LOOP_ANALYSIS = YES;
				CLANG_WARN_STRICT_PROTOTYPES = YES;
				CLANG_WARN_SUSPICIOUS_MOVE = YES;
				CLANG_WARN_UNGUARDED_AVAILABILITY = YES_AGGRESSIVE;
				CLANG_WARN_UNREACHABLE_CODE = YES;
				CLANG_WARN__DUPLICATE_METHOD_MATCH = YES;
				COPY_PHASE_STRIP = NO;
				DEBUG_INFORMATION_FORMAT = dwarf;
				ENABLE_STRICT_OBJC_MSGSEND = YES;
				ENABLE_TESTABILITY = YES;
				GCC_C_LANGUAGE_STANDARD = gnu11;
				GCC_DYNAMIC_NO_PIC = NO;
				GCC_NO_COMMON_BLOCKS = YES;
				GCC_OPTIMIZATION_LEVEL = 0;
				GCC_PREPROCESSOR_DEFINITIONS = (
					"DEBUG=1",
					"$(inherited)",
				);
				GCC_WARN_64_TO_32_BIT_CONVERSION = YES;
				GCC_WARN_ABOUT_RETURN_TYPE = YES_ERROR;
				GCC_WARN_UNDECLARED_SELECTOR = YES;
				GCC_WARN_UNINITIALIZED_AUTOS = YES_AGGRESSIVE;
				GCC_WARN_UNUSED_FUNCTION = YES;
				GCC_WARN_UNUSED_VARIABLE = YES;
				MTL_ENABLE_DEBUG_INFO = INCLUDE_SOURCE;
				MTL_FAST_MATH = YES;
				ONLY_ACTIVE_ARCH = YES;
				SDKROOT = iphoneos;
				SWIFT_ACTIVE_COMPILATION_CONDITIONS = DEBUG;
				SWIFT_OPTIMIZATION_LEVEL = "-Onone";
			};
			name = Debug;
		};
		33B967E32445EDCC0033A992 /* Release */ = {
			isa = XCBuildConfiguration;
			buildSettings = {
				ALWAYS_SEARCH_USER_PATHS = NO;
				CLANG_ANALYZER_NONNULL = YES;
				CLANG_ANALYZER_NUMBER_OBJECT_CONVERSION = YES_AGGRESSIVE;
				CLANG_CXX_LANGUAGE_STANDARD = "gnu++14";
				CLANG_CXX_LIBRARY = "libc++";
				CLANG_ENABLE_MODULES = YES;
				CLANG_ENABLE_OBJC_ARC = YES;
				CLANG_ENABLE_OBJC_WEAK = YES;
				CLANG_WARN_BLOCK_CAPTURE_AUTORELEASING = YES;
				CLANG_WARN_BOOL_CONVERSION = YES;
				CLANG_WARN_COMMA = YES;
				CLANG_WARN_CONSTANT_CONVERSION = YES;
				CLANG_WARN_DEPRECATED_OBJC_IMPLEMENTATIONS = YES;
				CLANG_WARN_DIRECT_OBJC_ISA_USAGE = YES_ERROR;
				CLANG_WARN_DOCUMENTATION_COMMENTS = YES;
				CLANG_WARN_EMPTY_BODY = YES;
				CLANG_WARN_ENUM_CONVERSION = YES;
				CLANG_WARN_INFINITE_RECURSION = YES;
				CLANG_WARN_INT_CONVERSION = YES;
				CLANG_WARN_NON_LITERAL_NULL_CONVERSION = YES;
				CLANG_WARN_OBJC_IMPLICIT_RETAIN_SELF = YES;
				CLANG_WARN_OBJC_LITERAL_CONVERSION = YES;
				CLANG_WARN_OBJC_ROOT_CLASS = YES_ERROR;
				CLANG_WARN_RANGE_LOOP_ANALYSIS = YES;
				CLANG_WARN_STRICT_PROTOTYPES = YES;
				CLANG_WARN_SUSPICIOUS_MOVE = YES;
				CLANG_WARN_UNGUARDED_AVAILABILITY = YES_AGGRESSIVE;
				CLANG_WARN_UNREACHABLE_CODE = YES;
				CLANG_WARN__DUPLICATE_METHOD_MATCH = YES;
				COPY_PHASE_STRIP = NO;
				DEBUG_INFORMATION_FORMAT = "dwarf-with-dsym";
				ENABLE_NS_ASSERTIONS = NO;
				ENABLE_STRICT_OBJC_MSGSEND = YES;
				GCC_C_LANGUAGE_STANDARD = gnu11;
				GCC_NO_COMMON_BLOCKS = YES;
				GCC_WARN_64_TO_32_BIT_CONVERSION = YES;
				GCC_WARN_ABOUT_RETURN_TYPE = YES_ERROR;
				GCC_WARN_UNDECLARED_SELECTOR = YES;
				GCC_WARN_UNINITIALIZED_AUTOS = YES_AGGRESSIVE;
				GCC_WARN_UNUSED_FUNCTION = YES;
				GCC_WARN_UNUSED_VARIABLE = YES;
				MTL_ENABLE_DEBUG_INFO = NO;
				MTL_FAST_MATH = YES;
				SDKROOT = iphoneos;
				SWIFT_COMPILATION_MODE = wholemodule;
				SWIFT_OPTIMIZATION_LEVEL = "-O";
				VALIDATE_PRODUCT = YES;
			};
			name = Release;
		};
		33B967E52445EDCC0033A992 /* Debug */ = {
			isa = XCBuildConfiguration;
			buildSettings = {
				ASSETCATALOG_COMPILER_COMPLICATION_NAME = Complication;
				CODE_SIGN_STYLE = Automatic;
				DEVELOPMENT_ASSET_PATHS = "\"ScoreKeeper WatchKit Extension/Preview Content\"";
				DEVELOPMENT_TEAM = 4BR25MCMC5;
				ENABLE_PREVIEWS = YES;
				INFOPLIST_FILE = "ScoreKeeper WatchKit Extension/Info.plist";
				LD_RUNPATH_SEARCH_PATHS = (
					"$(inherited)",
					"@executable_path/Frameworks",
					"@executable_path/../../Frameworks",
				);
				PRODUCT_BUNDLE_IDENTIFIER = HagaDev.ScoreKeeper.watchkitapp.watchkitextension;
				PRODUCT_NAME = "${TARGET_NAME}";
				SDKROOT = watchos;
				SKIP_INSTALL = YES;
				SWIFT_VERSION = 5.0;
				TARGETED_DEVICE_FAMILY = 4;
				WATCHOS_DEPLOYMENT_TARGET = 6.2;
			};
			name = Debug;
		};
		33B967E62445EDCC0033A992 /* Release */ = {
			isa = XCBuildConfiguration;
			buildSettings = {
				ASSETCATALOG_COMPILER_COMPLICATION_NAME = Complication;
				CODE_SIGN_STYLE = Automatic;
				DEVELOPMENT_ASSET_PATHS = "\"ScoreKeeper WatchKit Extension/Preview Content\"";
				DEVELOPMENT_TEAM = 4BR25MCMC5;
				ENABLE_PREVIEWS = YES;
				INFOPLIST_FILE = "ScoreKeeper WatchKit Extension/Info.plist";
				LD_RUNPATH_SEARCH_PATHS = (
					"$(inherited)",
					"@executable_path/Frameworks",
					"@executable_path/../../Frameworks",
				);
				PRODUCT_BUNDLE_IDENTIFIER = HagaDev.ScoreKeeper.watchkitapp.watchkitextension;
				PRODUCT_NAME = "${TARGET_NAME}";
				SDKROOT = watchos;
				SKIP_INSTALL = YES;
				SWIFT_VERSION = 5.0;
				TARGETED_DEVICE_FAMILY = 4;
				WATCHOS_DEPLOYMENT_TARGET = 6.2;
			};
			name = Release;
		};
		33B967E92445EDCC0033A992 /* Debug */ = {
			isa = XCBuildConfiguration;
			buildSettings = {
				ALWAYS_EMBED_SWIFT_STANDARD_LIBRARIES = YES;
				ASSETCATALOG_COMPILER_APPICON_NAME = AppIcon;
				CODE_SIGN_STYLE = Automatic;
				DEVELOPMENT_TEAM = 4BR25MCMC5;
				IBSC_MODULE = ScoreKeeper_WatchKit_Extension;
				INFOPLIST_FILE = "ScoreKeeper WatchKit App/Info.plist";
				PRODUCT_BUNDLE_IDENTIFIER = HagaDev.ScoreKeeper.watchkitapp;
				PRODUCT_NAME = "$(TARGET_NAME)";
				SDKROOT = watchos;
				SKIP_INSTALL = YES;
				SWIFT_VERSION = 5.0;
				TARGETED_DEVICE_FAMILY = 4;
				WATCHOS_DEPLOYMENT_TARGET = 6.2;
			};
			name = Debug;
		};
		33B967EA2445EDCC0033A992 /* Release */ = {
			isa = XCBuildConfiguration;
			buildSettings = {
				ALWAYS_EMBED_SWIFT_STANDARD_LIBRARIES = YES;
				ASSETCATALOG_COMPILER_APPICON_NAME = AppIcon;
				CODE_SIGN_STYLE = Automatic;
				DEVELOPMENT_TEAM = 4BR25MCMC5;
				IBSC_MODULE = ScoreKeeper_WatchKit_Extension;
				INFOPLIST_FILE = "ScoreKeeper WatchKit App/Info.plist";
				PRODUCT_BUNDLE_IDENTIFIER = HagaDev.ScoreKeeper.watchkitapp;
				PRODUCT_NAME = "$(TARGET_NAME)";
				SDKROOT = watchos;
				SKIP_INSTALL = YES;
				SWIFT_VERSION = 5.0;
				TARGETED_DEVICE_FAMILY = 4;
				WATCHOS_DEPLOYMENT_TARGET = 6.2;
			};
			name = Release;
		};
		33B967ED2445EDCC0033A992 /* Debug */ = {
			isa = XCBuildConfiguration;
			buildSettings = {
				CODE_SIGN_STYLE = Automatic;
				CURRENT_PROJECT_VERSION = 1;
				DEVELOPMENT_TEAM = 4BR25MCMC5;
				MARKETING_VERSION = 1.0;
				PRODUCT_BUNDLE_IDENTIFIER = HagaDev.ScoreKeeper;
				PRODUCT_NAME = "$(TARGET_NAME)";
				SWIFT_VERSION = 5.0;
			};
			name = Debug;
		};
		33B967EE2445EDCC0033A992 /* Release */ = {
			isa = XCBuildConfiguration;
			buildSettings = {
				CODE_SIGN_STYLE = Automatic;
				CURRENT_PROJECT_VERSION = 1;
				DEVELOPMENT_TEAM = 4BR25MCMC5;
				MARKETING_VERSION = 1.0;
				PRODUCT_BUNDLE_IDENTIFIER = HagaDev.ScoreKeeper;
				PRODUCT_NAME = "$(TARGET_NAME)";
				SWIFT_VERSION = 5.0;
			};
			name = Release;
		};
/* End XCBuildConfiguration section */

/* Begin XCConfigurationList section */
		33B967B62445EDC90033A992 /* Build configuration list for PBXProject "ScoreKeeper" */ = {
			isa = XCConfigurationList;
			buildConfigurations = (
				33B967E22445EDCC0033A992 /* Debug */,
				33B967E32445EDCC0033A992 /* Release */,
			);
			defaultConfigurationIsVisible = 0;
			defaultConfigurationName = Release;
		};
		33B967E42445EDCC0033A992 /* Build configuration list for PBXNativeTarget "ScoreKeeper WatchKit Extension" */ = {
			isa = XCConfigurationList;
			buildConfigurations = (
				33B967E52445EDCC0033A992 /* Debug */,
				33B967E62445EDCC0033A992 /* Release */,
			);
			defaultConfigurationIsVisible = 0;
			defaultConfigurationName = Release;
		};
		33B967E82445EDCC0033A992 /* Build configuration list for PBXNativeTarget "ScoreKeeper WatchKit App" */ = {
			isa = XCConfigurationList;
			buildConfigurations = (
				33B967E92445EDCC0033A992 /* Debug */,
				33B967EA2445EDCC0033A992 /* Release */,
			);
			defaultConfigurationIsVisible = 0;
			defaultConfigurationName = Release;
		};
		33B967EC2445EDCC0033A992 /* Build configuration list for PBXNativeTarget "ScoreKeeper" */ = {
			isa = XCConfigurationList;
			buildConfigurations = (
				33B967ED2445EDCC0033A992 /* Debug */,
				33B967EE2445EDCC0033A992 /* Release */,
			);
			defaultConfigurationIsVisible = 0;
			defaultConfigurationName = Release;
		};
/* End XCConfigurationList section */
	};
	rootObject = 33B967B32445EDC90033A992 /* Project object */;
}
